
Microsoft Visual Studio Solution File, Format Version 12.00
# Visual Studio Version 17
VisualStudioVersion = 17.4.33205.214
MinimumVisualStudioVersion = 10.0.40219.1
Project("{FAE04EC0-301F-11D3-BF4B-00C04F79EFBC}") = "buttontest", "buttontest\buttontest.csproj", "{4AAD1840-184D-4C29-AA46-0AC6D4627703}"
EndProject
Global
	GlobalSection(SolutionConfigurationPlatforms) = preSolution
		Debug|Any CPU = Debug|Any CPU
		Release|Any CPU = Release|Any CPU
	EndGlobalSection
	GlobalSection(ProjectConfigurationPlatforms) = postSolution
		{4AAD1840-184D-4C29-AA46-0AC6D4627703}.Debug|Any CPU.ActiveCfg = Debug|Any CPU
		{4AAD1840-184D-4C29-AA46-0AC6D4627703}.Debug|Any CPU.Build.0 = Debug|Any CPU
		{4AAD1840-184D-4C29-AA46-0AC6D4627703}.Release|Any CPU.ActiveCfg = Release|Any CPU
		{4AAD1840-184D-4C29-AA46-0AC6D4627703}.Release|Any CPU.Build.0 = Release|Any CPU
	EndGlobalSection
	GlobalSection(SolutionProperties) = preSolution
		HideSolutionNode = FALSE
	EndGlobalSection
	GlobalSection(ExtensibilityGlobals) = postSolution
		SolutionGuid = {7DE00142-D289-4F82-8A30-8519266D03DA}
	EndGlobalSection
EndGlobal
